
Microsoft Visual Studio Solution File, Format Version 12.00
# Visual Studio Version 17
VisualStudioVersion = 17.7.34024.191
MinimumVisualStudioVersion = 10.0.40219.1
Project("{FAE04EC0-301F-11D3-BF4B-00C04F79EFBC}") = "TestFromFile", "TestFromFile.csproj", "{852D890B-50EC-4B95-92F7-F7EC53F59C1A}"
EndProject
Global
	GlobalSection(SolutionConfigurationPlatforms) = preSolution
		Debug|Any CPU = Debug|Any CPU
		Release|Any CPU = Release|Any CPU
	EndGlobalSection
	GlobalSection(ProjectConfigurationPlatforms) = postSolution
		{852D890B-50EC-4B95-92F7-F7EC53F59C1A}.Debug|Any CPU.ActiveCfg = Debug|Any CPU
		{852D890B-50EC-4B95-92F7-F7EC53F59C1A}.Debug|Any CPU.Build.0 = Debug|Any CPU
		{852D890B-50EC-4B95-92F7-F7EC53F59C1A}.Release|Any CPU.ActiveCfg = Release|Any CPU
		{852D890B-50EC-4B95-92F7-F7EC53F59C1A}.Release|Any CPU.Build.0 = Release|Any CPU
	EndGlobalSection
	GlobalSection(SolutionProperties) = preSolution
		HideSolutionNode = FALSE
	EndGlobalSection
	GlobalSection(ExtensibilityGlobals) = postSolution
		SolutionGuid = {F73702E7-DF89-41F4-ACF0-D389B2B50F60}
	EndGlobalSection
EndGlobal
